// !$*UTF8*$!
{
	archiveVersion = 1;
	classes = {
	};
	objectVersion = 50;
	objects = {

/* Begin PBXBuildFile section */
		1858F7C624D1656000131476 /* MIBTabbarController.m in Sources */ = {isa = PBXBuildFile; fileRef = 1858F7C524D1656000131476 /* MIBTabbarController.m */; };
		1858F7C924D1728100131476 /* MIBHomeViewController.m in Sources */ = {isa = PBXBuildFile; fileRef = 1858F7C824D1728100131476 /* MIBHomeViewController.m */; };
		1866B04424EB689E005E65E6 /* MIBViewTools.m in Sources */ = {isa = PBXBuildFile; fileRef = 1866B04324EB689E005E65E6 /* MIBViewTools.m */; };
		1866B04824EB7003005E65E6 /* UIBarButtonItem+CLExtension.m in Sources */ = {isa = PBXBuildFile; fileRef = 1866B04724EB7003005E65E6 /* UIBarButtonItem+CLExtension.m */; };
		1866B04B24EB720B005E65E6 /* UIView+CLExtension.m in Sources */ = {isa = PBXBuildFile; fileRef = 1866B04A24EB720B005E65E6 /* UIView+CLExtension.m */; };
		186A830324DBDB31007A1C95 /* MIBBackButton.m in Sources */ = {isa = PBXBuildFile; fileRef = 186A830224DBDB31007A1C95 /* MIBBackButton.m */; };
		18BA5BCC24E66412004C5AE6 /* MIBTaleTableView.m in Sources */ = {isa = PBXBuildFile; fileRef = 18BA5BCB24E66412004C5AE6 /* MIBTaleTableView.m */; };
		18BA5BCF24E66ACC004C5AE6 /* MIBTaleDataModel.m in Sources */ = {isa = PBXBuildFile; fileRef = 18BA5BCE24E66ACC004C5AE6 /* MIBTaleDataModel.m */; };
		18BA5BD224E66D70004C5AE6 /* MIBTaleNavigationController.m in Sources */ = {isa = PBXBuildFile; fileRef = 18BA5BD124E66D70004C5AE6 /* MIBTaleNavigationController.m */; };
		18BA5BD524E687B8004C5AE6 /* MIBMeNavigationController.m in Sources */ = {isa = PBXBuildFile; fileRef = 18BA5BD324E687B8004C5AE6 /* MIBMeNavigationController.m */; };
		18DD426D24EA194800026DC2 /* MIBMeTableViewController.m in Sources */ = {isa = PBXBuildFile; fileRef = 18DD426C24EA194800026DC2 /* MIBMeTableViewController.m */; };
		18DD427024EA1D1A00026DC2 /* MIBMessageViewController.m in Sources */ = {isa = PBXBuildFile; fileRef = 18DD426F24EA1D1A00026DC2 /* MIBMessageViewController.m */; };
		18DD427324EA1D9300026DC2 /* MIBMessageNavgationController.m in Sources */ = {isa = PBXBuildFile; fileRef = 18DD427224EA1D9300026DC2 /* MIBMessageNavgationController.m */; };
		18E0717424C6F208002D563D /* AppDelegate.m in Sources */ = {isa = PBXBuildFile; fileRef = 18E0717324C6F208002D563D /* AppDelegate.m */; };
		18E0717724C6F208002D563D /* SceneDelegate.m in Sources */ = {isa = PBXBuildFile; fileRef = 18E0717624C6F208002D563D /* SceneDelegate.m */; };
		18E0717A24C6F208002D563D /* ViewController.m in Sources */ = {isa = PBXBuildFile; fileRef = 18E0717924C6F208002D563D /* ViewController.m */; };
		18E0717D24C6F208002D563D /* Main.storyboard in Resources */ = {isa = PBXBuildFile; fileRef = 18E0717B24C6F208002D563D /* Main.storyboard */; };
		18E0717F24C6F20A002D563D /* Assets.xcassets in Resources */ = {isa = PBXBuildFile; fileRef = 18E0717E24C6F20A002D563D /* Assets.xcassets */; };
		18E0718224C6F20A002D563D /* LaunchScreen.storyboard in Resources */ = {isa = PBXBuildFile; fileRef = 18E0718024C6F20A002D563D /* LaunchScreen.storyboard */; };
		18E0718524C6F20A002D563D /* main.m in Sources */ = {isa = PBXBuildFile; fileRef = 18E0718424C6F20A002D563D /* main.m */; };
		18E5D8A524CEC5450077DEB9 /* MIBTabBarItem.m in Sources */ = {isa = PBXBuildFile; fileRef = 18E5D8A324CEC5450077DEB9 /* MIBTabBarItem.m */; };
		18F6647024D2747C00C48892 /* MIBPublishButton.m in Sources */ = {isa = PBXBuildFile; fileRef = 18F6646F24D2747C00C48892 /* MIBPublishButton.m */; };
		18F6647324D29F1600C48892 /* MIBHomeNavigationController.m in Sources */ = {isa = PBXBuildFile; fileRef = 18F6647224D29F1600C48892 /* MIBHomeNavigationController.m */; };
		B20796B1227D7FA6DC0E1141 /* Pods_MonsterBook.framework in Frameworks */ = {isa = PBXBuildFile; fileRef = 497603916F64E94BA3729B56 /* Pods_MonsterBook.framework */; };
/* End PBXBuildFile section */

/* Begin PBXFileReference section */
		08F242E6DBA5C774D5AEB346 /* Pods-MonsterBook.debug.xcconfig */ = {isa = PBXFileReference; includeInIndex = 1; lastKnownFileType = text.xcconfig; name = "Pods-MonsterBook.debug.xcconfig"; path = "Target Support Files/Pods-MonsterBook/Pods-MonsterBook.debug.xcconfig"; sourceTree = "<group>"; };
		1833252D24C98ECE000DCD22 /* PrefixHeader.pch */ = {isa = PBXFileReference; lastKnownFileType = sourcecode.c.h; path = PrefixHeader.pch; sourceTree = "<group>"; };
		1858F7C424D1656000131476 /* MIBTabbarController.h */ = {isa = PBXFileReference; lastKnownFileType = sourcecode.c.h; path = MIBTabbarController.h; sourceTree = "<group>"; };
		1858F7C524D1656000131476 /* MIBTabbarController.m */ = {isa = PBXFileReference; lastKnownFileType = sourcecode.c.objc; path = MIBTabbarController.m; sourceTree = "<group>"; };
		1858F7C724D1728100131476 /* MIBHomeViewController.h */ = {isa = PBXFileReference; lastKnownFileType = sourcecode.c.h; path = MIBHomeViewController.h; sourceTree = "<group>"; };
		1858F7C824D1728100131476 /* MIBHomeViewController.m */ = {isa = PBXFileReference; lastKnownFileType = sourcecode.c.objc; path = MIBHomeViewController.m; sourceTree = "<group>"; };
		1866B04224EB689E005E65E6 /* MIBViewTools.h */ = {isa = PBXFileReference; lastKnownFileType = sourcecode.c.h; path = MIBViewTools.h; sourceTree = "<group>"; };
		1866B04324EB689E005E65E6 /* MIBViewTools.m */ = {isa = PBXFileReference; lastKnownFileType = sourcecode.c.objc; path = MIBViewTools.m; sourceTree = "<group>"; };
		1866B04624EB7003005E65E6 /* UIBarButtonItem+CLExtension.h */ = {isa = PBXFileReference; lastKnownFileType = sourcecode.c.h; path = "UIBarButtonItem+CLExtension.h"; sourceTree = "<group>"; };
		1866B04724EB7003005E65E6 /* UIBarButtonItem+CLExtension.m */ = {isa = PBXFileReference; lastKnownFileType = sourcecode.c.objc; path = "UIBarButtonItem+CLExtension.m"; sourceTree = "<group>"; };
		1866B04924EB720B005E65E6 /* UIView+CLExtension.h */ = {isa = PBXFileReference; lastKnownFileType = sourcecode.c.h; path = "UIView+CLExtension.h"; sourceTree = "<group>"; };
		1866B04A24EB720B005E65E6 /* UIView+CLExtension.m */ = {isa = PBXFileReference; lastKnownFileType = sourcecode.c.objc; path = "UIView+CLExtension.m"; sourceTree = "<group>"; };
		186A830124DBDB31007A1C95 /* MIBBackButton.h */ = {isa = PBXFileReference; lastKnownFileType = sourcecode.c.h; path = MIBBackButton.h; sourceTree = "<group>"; };
		186A830224DBDB31007A1C95 /* MIBBackButton.m */ = {isa = PBXFileReference; lastKnownFileType = sourcecode.c.objc; path = MIBBackButton.m; sourceTree = "<group>"; };
		18BA5BCA24E66412004C5AE6 /* MIBTaleTableView.h */ = {isa = PBXFileReference; lastKnownFileType = sourcecode.c.h; path = MIBTaleTableView.h; sourceTree = "<group>"; };
		18BA5BCB24E66412004C5AE6 /* MIBTaleTableView.m */ = {isa = PBXFileReference; lastKnownFileType = sourcecode.c.objc; path = MIBTaleTableView.m; sourceTree = "<group>"; };
		18BA5BCD24E66ACC004C5AE6 /* MIBTaleDataModel.h */ = {isa = PBXFileReference; lastKnownFileType = sourcecode.c.h; name = MIBTaleDataModel.h; path = Handle/Controller/MIBTaleDataModel.h; sourceTree = SOURCE_ROOT; };
		18BA5BCE24E66ACC004C5AE6 /* MIBTaleDataModel.m */ = {isa = PBXFileReference; lastKnownFileType = sourcecode.c.objc; name = MIBTaleDataModel.m; path = Handle/Controller/MIBTaleDataModel.m; sourceTree = SOURCE_ROOT; };
		18BA5BD024E66D70004C5AE6 /* MIBTaleNavigationController.h */ = {isa = PBXFileReference; lastKnownFileType = sourcecode.c.h; path = MIBTaleNavigationController.h; sourceTree = "<group>"; };
		18BA5BD124E66D70004C5AE6 /* MIBTaleNavigationController.m */ = {isa = PBXFileReference; lastKnownFileType = sourcecode.c.objc; path = MIBTaleNavigationController.m; sourceTree = "<group>"; };
		18BA5BD324E687B8004C5AE6 /* MIBMeNavigationController.m */ = {isa = PBXFileReference; fileEncoding = 4; lastKnownFileType = sourcecode.c.objc; path = MIBMeNavigationController.m; sourceTree = "<group>"; };
		18BA5BD424E687B8004C5AE6 /* MIBMeNavigationController.h */ = {isa = PBXFileReference; fileEncoding = 4; lastKnownFileType = sourcecode.c.h; path = MIBMeNavigationController.h; sourceTree = "<group>"; };
		18DD426B24EA194800026DC2 /* MIBMeTableViewController.h */ = {isa = PBXFileReference; lastKnownFileType = sourcecode.c.h; path = MIBMeTableViewController.h; sourceTree = "<group>"; };
		18DD426C24EA194800026DC2 /* MIBMeTableViewController.m */ = {isa = PBXFileReference; lastKnownFileType = sourcecode.c.objc; path = MIBMeTableViewController.m; sourceTree = "<group>"; };
		18DD426E24EA1D1A00026DC2 /* MIBMessageViewController.h */ = {isa = PBXFileReference; lastKnownFileType = sourcecode.c.h; path = MIBMessageViewController.h; sourceTree = "<group>"; };
		18DD426F24EA1D1A00026DC2 /* MIBMessageViewController.m */ = {isa = PBXFileReference; lastKnownFileType = sourcecode.c.objc; path = MIBMessageViewController.m; sourceTree = "<group>"; };
		18DD427124EA1D9300026DC2 /* MIBMessageNavgationController.h */ = {isa = PBXFileReference; lastKnownFileType = sourcecode.c.h; path = MIBMessageNavgationController.h; sourceTree = "<group>"; };
		18DD427224EA1D9300026DC2 /* MIBMessageNavgationController.m */ = {isa = PBXFileReference; lastKnownFileType = sourcecode.c.objc; path = MIBMessageNavgationController.m; sourceTree = "<group>"; };
		18E0716F24C6F208002D563D /* MonsterBook.app */ = {isa = PBXFileReference; explicitFileType = wrapper.application; includeInIndex = 0; path = MonsterBook.app; sourceTree = BUILT_PRODUCTS_DIR; };
		18E0717224C6F208002D563D /* AppDelegate.h */ = {isa = PBXFileReference; lastKnownFileType = sourcecode.c.h; path = AppDelegate.h; sourceTree = "<group>"; };
		18E0717324C6F208002D563D /* AppDelegate.m */ = {isa = PBXFileReference; lastKnownFileType = sourcecode.c.objc; path = AppDelegate.m; sourceTree = "<group>"; };
		18E0717524C6F208002D563D /* SceneDelegate.h */ = {isa = PBXFileReference; lastKnownFileType = sourcecode.c.h; path = SceneDelegate.h; sourceTree = "<group>"; };
		18E0717624C6F208002D563D /* SceneDelegate.m */ = {isa = PBXFileReference; lastKnownFileType = sourcecode.c.objc; path = SceneDelegate.m; sourceTree = "<group>"; };
		18E0717824C6F208002D563D /* ViewController.h */ = {isa = PBXFileReference; lastKnownFileType = sourcecode.c.h; path = ViewController.h; sourceTree = "<group>"; };
		18E0717924C6F208002D563D /* ViewController.m */ = {isa = PBXFileReference; lastKnownFileType = sourcecode.c.objc; path = ViewController.m; sourceTree = "<group>"; };
		18E0717C24C6F208002D563D /* Base */ = {isa = PBXFileReference; lastKnownFileType = file.storyboard; name = Base; path = Base.lproj/Main.storyboard; sourceTree = "<group>"; };
		18E0717E24C6F20A002D563D /* Assets.xcassets */ = {isa = PBXFileReference; lastKnownFileType = folder.assetcatalog; path = Assets.xcassets; sourceTree = "<group>"; };
		18E0718124C6F20A002D563D /* Base */ = {isa = PBXFileReference; lastKnownFileType = file.storyboard; name = Base; path = Base.lproj/LaunchScreen.storyboard; sourceTree = "<group>"; };
		18E0718324C6F20A002D563D /* Info.plist */ = {isa = PBXFileReference; lastKnownFileType = text.plist.xml; path = Info.plist; sourceTree = "<group>"; };
		18E0718424C6F20A002D563D /* main.m */ = {isa = PBXFileReference; lastKnownFileType = sourcecode.c.objc; path = main.m; sourceTree = "<group>"; };
		18E5D8A324CEC5450077DEB9 /* MIBTabBarItem.m */ = {isa = PBXFileReference; fileEncoding = 4; lastKnownFileType = sourcecode.c.objc; path = MIBTabBarItem.m; sourceTree = "<group>"; };
		18E5D8A424CEC5450077DEB9 /* MIBTabBarItem.h */ = {isa = PBXFileReference; fileEncoding = 4; lastKnownFileType = sourcecode.c.h; path = MIBTabBarItem.h; sourceTree = "<group>"; };
		18F6646E24D2747C00C48892 /* MIBPublishButton.h */ = {isa = PBXFileReference; lastKnownFileType = sourcecode.c.h; path = MIBPublishButton.h; sourceTree = "<group>"; };
		18F6646F24D2747C00C48892 /* MIBPublishButton.m */ = {isa = PBXFileReference; lastKnownFileType = sourcecode.c.objc; path = MIBPublishButton.m; sourceTree = "<group>"; };
		18F6647124D29F1600C48892 /* MIBHomeNavigationController.h */ = {isa = PBXFileReference; lastKnownFileType = sourcecode.c.h; path = MIBHomeNavigationController.h; sourceTree = "<group>"; };
		18F6647224D29F1600C48892 /* MIBHomeNavigationController.m */ = {isa = PBXFileReference; lastKnownFileType = sourcecode.c.objc; path = MIBHomeNavigationController.m; sourceTree = "<group>"; };
		497603916F64E94BA3729B56 /* Pods_MonsterBook.framework */ = {isa = PBXFileReference; explicitFileType = wrapper.framework; includeInIndex = 0; path = Pods_MonsterBook.framework; sourceTree = BUILT_PRODUCTS_DIR; };
		87759F0FFAAE766AFE4DF998 /* Pods-MonsterBook.release.xcconfig */ = {isa = PBXFileReference; includeInIndex = 1; lastKnownFileType = text.xcconfig; name = "Pods-MonsterBook.release.xcconfig"; path = "Target Support Files/Pods-MonsterBook/Pods-MonsterBook.release.xcconfig"; sourceTree = "<group>"; };
/* End PBXFileReference section */

/* Begin PBXFrameworksBuildPhase section */
		18E0716C24C6F208002D563D /* Frameworks */ = {
			isa = PBXFrameworksBuildPhase;
			buildActionMask = 2147483647;
			files = (
				B20796B1227D7FA6DC0E1141 /* Pods_MonsterBook.framework in Frameworks */,
			);
			runOnlyForDeploymentPostprocessing = 0;
		};
/* End PBXFrameworksBuildPhase section */

/* Begin PBXGroup section */
		1866B04124EB6846005E65E6 /* Tools */ = {
			isa = PBXGroup;
			children = (
				1866B04224EB689E005E65E6 /* MIBViewTools.h */,
				1866B04324EB689E005E65E6 /* MIBViewTools.m */,
			);
			path = Tools;
			sourceTree = "<group>";
		};
		1866B04524EB6F62005E65E6 /* Category */ = {
			isa = PBXGroup;
			children = (
				1866B04624EB7003005E65E6 /* UIBarButtonItem+CLExtension.h */,
				1866B04724EB7003005E65E6 /* UIBarButtonItem+CLExtension.m */,
				1866B04924EB720B005E65E6 /* UIView+CLExtension.h */,
				1866B04A24EB720B005E65E6 /* UIView+CLExtension.m */,
			);
			path = Category;
			sourceTree = "<group>";
		};
		18E0716624C6F208002D563D = {
			isa = PBXGroup;
			children = (
				18E0717124C6F208002D563D /* MonsterBook */,
				18E0717024C6F208002D563D /* Products */,
				858C7B6ECACF1F8BBD3C10DB /* Pods */,
				2B4AAC43E6FED1CC6B1D3576 /* Frameworks */,
			);
			sourceTree = "<group>";
		};
		18E0717024C6F208002D563D /* Products */ = {
			isa = PBXGroup;
			children = (
				18E0716F24C6F208002D563D /* MonsterBook.app */,
			);
			name = Products;
			sourceTree = "<group>";
		};
		18E0717124C6F208002D563D /* MonsterBook */ = {
			isa = PBXGroup;
			children = (
				1866B04524EB6F62005E65E6 /* Category */,
				1866B04124EB6846005E65E6 /* Tools */,
				18E5D89F24CEC5220077DEB9 /* Handle */,
				18E0717224C6F208002D563D /* AppDelegate.h */,
				18E0717324C6F208002D563D /* AppDelegate.m */,
				18E0717524C6F208002D563D /* SceneDelegate.h */,
				18E0717624C6F208002D563D /* SceneDelegate.m */,
				18E0717824C6F208002D563D /* ViewController.h */,
				18E0717924C6F208002D563D /* ViewController.m */,
				18E0717B24C6F208002D563D /* Main.storyboard */,
				18E0717E24C6F20A002D563D /* Assets.xcassets */,
				18E0718024C6F20A002D563D /* LaunchScreen.storyboard */,
				18E0718324C6F20A002D563D /* Info.plist */,
				18E0718424C6F20A002D563D /* main.m */,
				1833252D24C98ECE000DCD22 /* PrefixHeader.pch */,
			);
			path = MonsterBook;
			sourceTree = "<group>";
		};
		18E5D89F24CEC5220077DEB9 /* Handle */ = {
			isa = PBXGroup;
			children = (
				18E5D8A224CEC5450077DEB9 /* Controller */,
				18E5D8A024CEC5220077DEB9 /* Model */,
				18E5D8A124CEC5220077DEB9 /* View */,
			);
			path = Handle;
			sourceTree = SOURCE_ROOT;
		};
		18E5D8A024CEC5220077DEB9 /* Model */ = {
			isa = PBXGroup;
			children = (
				18BA5BCD24E66ACC004C5AE6 /* MIBTaleDataModel.h */,
				18BA5BCE24E66ACC004C5AE6 /* MIBTaleDataModel.m */,
			);
			path = Model;
			sourceTree = "<group>";
		};
		18E5D8A124CEC5220077DEB9 /* View */ = {
			isa = PBXGroup;
			children = (
				18F6646D24D2742200C48892 /* tabbarButton */,
			);
			path = View;
			sourceTree = "<group>";
		};
		18E5D8A224CEC5450077DEB9 /* Controller */ = {
			isa = PBXGroup;
			children = (
				1858F7C424D1656000131476 /* MIBTabbarController.h */,
				1858F7C524D1656000131476 /* MIBTabbarController.m */,
				1858F7C724D1728100131476 /* MIBHomeViewController.h */,
				1858F7C824D1728100131476 /* MIBHomeViewController.m */,
				18F6647124D29F1600C48892 /* MIBHomeNavigationController.h */,
				18F6647224D29F1600C48892 /* MIBHomeNavigationController.m */,
				18BA5BD024E66D70004C5AE6 /* MIBTaleNavigationController.h */,
				18BA5BD124E66D70004C5AE6 /* MIBTaleNavigationController.m */,
				18BA5BCA24E66412004C5AE6 /* MIBTaleTableView.h */,
				18BA5BCB24E66412004C5AE6 /* MIBTaleTableView.m */,
				18DD426E24EA1D1A00026DC2 /* MIBMessageViewController.h */,
				18DD426F24EA1D1A00026DC2 /* MIBMessageViewController.m */,
				18DD427124EA1D9300026DC2 /* MIBMessageNavgationController.h */,
				18DD427224EA1D9300026DC2 /* MIBMessageNavgationController.m */,
				18BA5BD424E687B8004C5AE6 /* MIBMeNavigationController.h */,
				18BA5BD324E687B8004C5AE6 /* MIBMeNavigationController.m */,
				18DD426B24EA194800026DC2 /* MIBMeTableViewController.h */,
				18DD426C24EA194800026DC2 /* MIBMeTableViewController.m */,
			);
			path = Controller;
			sourceTree = "<group>";
		};
		18F6646D24D2742200C48892 /* tabbarButton */ = {
			isa = PBXGroup;
			children = (
				18E5D8A324CEC5450077DEB9 /* MIBTabBarItem.m */,
				18E5D8A424CEC5450077DEB9 /* MIBTabBarItem.h */,
				18F6646E24D2747C00C48892 /* MIBPublishButton.h */,
				18F6646F24D2747C00C48892 /* MIBPublishButton.m */,
				186A830124DBDB31007A1C95 /* MIBBackButton.h */,
				186A830224DBDB31007A1C95 /* MIBBackButton.m */,
			);
			path = tabbarButton;
			sourceTree = "<group>";
		};
		2B4AAC43E6FED1CC6B1D3576 /* Frameworks */ = {
			isa = PBXGroup;
			children = (
				497603916F64E94BA3729B56 /* Pods_MonsterBook.framework */,
			);
			name = Frameworks;
			sourceTree = "<group>";
		};
		858C7B6ECACF1F8BBD3C10DB /* Pods */ = {
			isa = PBXGroup;
			children = (
				08F242E6DBA5C774D5AEB346 /* Pods-MonsterBook.debug.xcconfig */,
				87759F0FFAAE766AFE4DF998 /* Pods-MonsterBook.release.xcconfig */,
			);
			path = Pods;
			sourceTree = "<group>";
		};
/* End PBXGroup section */

/* Begin PBXNativeTarget section */
		18E0716E24C6F208002D563D /* MonsterBook */ = {
			isa = PBXNativeTarget;
			buildConfigurationList = 18E0718824C6F20A002D563D /* Build configuration list for PBXNativeTarget "MonsterBook" */;
			buildPhases = (
				573707323B3F542522013427 /* [CP] Check Pods Manifest.lock */,
				18E0716B24C6F208002D563D /* Sources */,
				18E0716C24C6F208002D563D /* Frameworks */,
				18E0716D24C6F208002D563D /* Resources */,
			);
			buildRules = (
			);
			dependencies = (
			);
			name = MonsterBook;
			productName = MonsterBook;
			productReference = 18E0716F24C6F208002D563D /* MonsterBook.app */;
			productType = "com.apple.product-type.application";
		};
/* End PBXNativeTarget section */

/* Begin PBXProject section */
		18E0716724C6F208002D563D /* Project object */ = {
			isa = PBXProject;
			attributes = {
				LastUpgradeCheck = 1160;
				ORGANIZATIONNAME = Apple;
				TargetAttributes = {
					18E0716E24C6F208002D563D = {
						CreatedOnToolsVersion = 11.6;
					};
				};
			};
			buildConfigurationList = 18E0716A24C6F208002D563D /* Build configuration list for PBXProject "MonsterBook" */;
			compatibilityVersion = "Xcode 9.3";
			developmentRegion = en;
			hasScannedForEncodings = 0;
			knownRegions = (
				en,
				Base,
			);
			mainGroup = 18E0716624C6F208002D563D;
			productRefGroup = 18E0717024C6F208002D563D /* Products */;
			projectDirPath = "";
			projectRoot = "";
			targets = (
				18E0716E24C6F208002D563D /* MonsterBook */,
			);
		};
/* End PBXProject section */

/* Begin PBXResourcesBuildPhase section */
		18E0716D24C6F208002D563D /* Resources */ = {
			isa = PBXResourcesBuildPhase;
			buildActionMask = 2147483647;
			files = (
				18E0718224C6F20A002D563D /* LaunchScreen.storyboard in Resources */,
				18E0717F24C6F20A002D563D /* Assets.xcassets in Resources */,
				18E0717D24C6F208002D563D /* Main.storyboard in Resources */,
			);
			runOnlyForDeploymentPostprocessing = 0;
		};
/* End PBXResourcesBuildPhase section */

/* Begin PBXShellScriptBuildPhase section */
		573707323B3F542522013427 /* [CP] Check Pods Manifest.lock */ = {
			isa = PBXShellScriptBuildPhase;
			buildActionMask = 2147483647;
			files = (
			);
			inputFileListPaths = (
			);
			inputPaths = (
				"${PODS_PODFILE_DIR_PATH}/Podfile.lock",
				"${PODS_ROOT}/Manifest.lock",
			);
			name = "[CP] Check Pods Manifest.lock";
			outputFileListPaths = (
			);
			outputPaths = (
				"$(DERIVED_FILE_DIR)/Pods-MonsterBook-checkManifestLockResult.txt",
			);
			runOnlyForDeploymentPostprocessing = 0;
			shellPath = /bin/sh;
			shellScript = "diff \"${PODS_PODFILE_DIR_PATH}/Podfile.lock\" \"${PODS_ROOT}/Manifest.lock\" > /dev/null\nif [ $? != 0 ] ; then\n    # print error to STDERR\n    echo \"error: The sandbox is not in sync with the Podfile.lock. Run 'pod install' or update your CocoaPods installation.\" >&2\n    exit 1\nfi\n# This output is used by Xcode 'outputs' to avoid re-running this script phase.\necho \"SUCCESS\" > \"${SCRIPT_OUTPUT_FILE_0}\"\n";
			showEnvVarsInLog = 0;
		};
/* End PBXShellScriptBuildPhase section */

/* Begin PBXSourcesBuildPhase section */
		18E0716B24C6F208002D563D /* Sources */ = {
			isa = PBXSourcesBuildPhase;
			buildActionMask = 2147483647;
			files = (
				18BA5BD524E687B8004C5AE6 /* MIBMeNavigationController.m in Sources */,
				18DD427024EA1D1A00026DC2 /* MIBMessageViewController.m in Sources */,
				18F6647324D29F1600C48892 /* MIBHomeNavigationController.m in Sources */,
				18DD426D24EA194800026DC2 /* MIBMeTableViewController.m in Sources */,
				18E5D8A524CEC5450077DEB9 /* MIBTabBarItem.m in Sources */,
				18BA5BCF24E66ACC004C5AE6 /* MIBTaleDataModel.m in Sources */,
				1866B04824EB7003005E65E6 /* UIBarButtonItem+CLExtension.m in Sources */,
				18E0717A24C6F208002D563D /* ViewController.m in Sources */,
				18E0717424C6F208002D563D /* AppDelegate.m in Sources */,
				18BA5BD224E66D70004C5AE6 /* MIBTaleNavigationController.m in Sources */,
				1858F7C924D1728100131476 /* MIBHomeViewController.m in Sources */,
				18E0718524C6F20A002D563D /* main.m in Sources */,
				1866B04424EB689E005E65E6 /* MIBViewTools.m in Sources */,
				18BA5BCC24E66412004C5AE6 /* MIBTaleTableView.m in Sources */,
				1858F7C624D1656000131476 /* MIBTabbarController.m in Sources */,
				1866B04B24EB720B005E65E6 /* UIView+CLExtension.m in Sources */,
				18DD427324EA1D9300026DC2 /* MIBMessageNavgationController.m in Sources */,
				18E0717724C6F208002D563D /* SceneDelegate.m in Sources */,
				18F6647024D2747C00C48892 /* MIBPublishButton.m in Sources */,
				186A830324DBDB31007A1C95 /* MIBBackButton.m in Sources */,
			);
			runOnlyForDeploymentPostprocessing = 0;
		};
/* End PBXSourcesBuildPhase section */

/* Begin PBXVariantGroup section */
		18E0717B24C6F208002D563D /* Main.storyboard */ = {
			isa = PBXVariantGroup;
			children = (
				18E0717C24C6F208002D563D /* Base */,
			);
			name = Main.storyboard;
			sourceTree = "<group>";
		};
		18E0718024C6F20A002D563D /* LaunchScreen.storyboard */ = {
			isa = PBXVariantGroup;
			children = (
				18E0718124C6F20A002D563D /* Base */,
			);
			name = LaunchScreen.storyboard;
			sourceTree = "<group>";
		};
/* End PBXVariantGroup section */

/* Begin XCBuildConfiguration section */
		18E0718624C6F20A002D563D /* Debug */ = {
			isa = XCBuildConfiguration;
			buildSettings = {
				ALWAYS_SEARCH_USER_PATHS = NO;
				CLANG_ANALYZER_NONNULL = YES;
				CLANG_ANALYZER_NUMBER_OBJECT_CONVERSION = YES_AGGRESSIVE;
				CLANG_CXX_LANGUAGE_STANDARD = "gnu++14";
				CLANG_CXX_LIBRARY = "libc++";
				CLANG_ENABLE_MODULES = YES;
				CLANG_ENABLE_OBJC_ARC = YES;
				CLANG_ENABLE_OBJC_WEAK = YES;
				CLANG_WARN_BLOCK_CAPTURE_AUTORELEASING = YES;
				CLANG_WARN_BOOL_CONVERSION = YES;
				CLANG_WARN_COMMA = YES;
				CLANG_WARN_CONSTANT_CONVERSION = YES;
				CLANG_WARN_DEPRECATED_OBJC_IMPLEMENTATIONS = YES;
				CLANG_WARN_DIRECT_OBJC_ISA_USAGE = YES_ERROR;
				CLANG_WARN_DOCUMENTATION_COMMENTS = YES;
				CLANG_WARN_EMPTY_BODY = YES;
				CLANG_WARN_ENUM_CONVERSION = YES;
				CLANG_WARN_INFINITE_RECURSION = YES;
				CLANG_WARN_INT_CONVERSION = YES;
				CLANG_WARN_NON_LITERAL_NULL_CONVERSION = YES;
				CLANG_WARN_OBJC_IMPLICIT_RETAIN_SELF = YES;
				CLANG_WARN_OBJC_LITERAL_CONVERSION = YES;
				CLANG_WARN_OBJC_ROOT_CLASS = YES_ERROR;
				CLANG_WARN_RANGE_LOOP_ANALYSIS = YES;
				CLANG_WARN_STRICT_PROTOTYPES = YES;
				CLANG_WARN_SUSPICIOUS_MOVE = YES;
				CLANG_WARN_UNGUARDED_AVAILABILITY = YES_AGGRESSIVE;
				CLANG_WARN_UNREACHABLE_CODE = YES;
				CLANG_WARN__DUPLICATE_METHOD_MATCH = YES;
				COPY_PHASE_STRIP = NO;
				DEBUG_INFORMATION_FORMAT = dwarf;
				ENABLE_STRICT_OBJC_MSGSEND = YES;
				ENABLE_TESTABILITY = YES;
				GCC_C_LANGUAGE_STANDARD = gnu11;
				GCC_DYNAMIC_NO_PIC = NO;
				GCC_NO_COMMON_BLOCKS = YES;
				GCC_OPTIMIZATION_LEVEL = 0;
				GCC_PREPROCESSOR_DEFINITIONS = (
					"DEBUG=1",
					"$(inherited)",
				);
				GCC_WARN_64_TO_32_BIT_CONVERSION = YES;
				GCC_WARN_ABOUT_RETURN_TYPE = YES_ERROR;
				GCC_WARN_UNDECLARED_SELECTOR = YES;
				GCC_WARN_UNINITIALIZED_AUTOS = YES_AGGRESSIVE;
				GCC_WARN_UNUSED_FUNCTION = YES;
				GCC_WARN_UNUSED_VARIABLE = YES;
				IPHONEOS_DEPLOYMENT_TARGET = 13.6;
				MTL_ENABLE_DEBUG_INFO = INCLUDE_SOURCE;
				MTL_FAST_MATH = YES;
				ONLY_ACTIVE_ARCH = YES;
				SDKROOT = iphoneos;
			};
			name = Debug;
		};
		18E0718724C6F20A002D563D /* Release */ = {
			isa = XCBuildConfiguration;
			buildSettings = {
				ALWAYS_SEARCH_USER_PATHS = NO;
				CLANG_ANALYZER_NONNULL = YES;
				CLANG_ANALYZER_NUMBER_OBJECT_CONVERSION = YES_AGGRESSIVE;
				CLANG_CXX_LANGUAGE_STANDARD = "gnu++14";
				CLANG_CXX_LIBRARY = "libc++";
				CLANG_ENABLE_MODULES = YES;
				CLANG_ENABLE_OBJC_ARC = YES;
				CLANG_ENABLE_OBJC_WEAK = YES;
				CLANG_WARN_BLOCK_CAPTURE_AUTORELEASING = YES;
				CLANG_WARN_BOOL_CONVERSION = YES;
				CLANG_WARN_COMMA = YES;
				CLANG_WARN_CONSTANT_CONVERSION = YES;
				CLANG_WARN_DEPRECATED_OBJC_IMPLEMENTATIONS = YES;
				CLANG_WARN_DIRECT_OBJC_ISA_USAGE = YES_ERROR;
				CLANG_WARN_DOCUMENTATION_COMMENTS = YES;
				CLANG_WARN_EMPTY_BODY = YES;
				CLANG_WARN_ENUM_CONVERSION = YES;
				CLANG_WARN_INFINITE_RECURSION = YES;
				CLANG_WARN_INT_CONVERSION = YES;
				CLANG_WARN_NON_LITERAL_NULL_CONVERSION = YES;
				CLANG_WARN_OBJC_IMPLICIT_RETAIN_SELF = YES;
				CLANG_WARN_OBJC_LITERAL_CONVERSION = YES;
				CLANG_WARN_OBJC_ROOT_CLASS = YES_ERROR;
				CLANG_WARN_RANGE_LOOP_ANALYSIS = YES;
				CLANG_WARN_STRICT_PROTOTYPES = YES;
				CLANG_WARN_SUSPICIOUS_MOVE = YES;
				CLANG_WARN_UNGUARDED_AVAILABILITY = YES_AGGRESSIVE;
				CLANG_WARN_UNREACHABLE_CODE = YES;
				CLANG_WARN__DUPLICATE_METHOD_MATCH = YES;
				COPY_PHASE_STRIP = NO;
				DEBUG_INFORMATION_FORMAT = "dwarf-with-dsym";
				ENABLE_NS_ASSERTIONS = NO;
				ENABLE_STRICT_OBJC_MSGSEND = YES;
				GCC_C_LANGUAGE_STANDARD = gnu11;
				GCC_NO_COMMON_BLOCKS = YES;
				GCC_WARN_64_TO_32_BIT_CONVERSION = YES;
				GCC_WARN_ABOUT_RETURN_TYPE = YES_ERROR;
				GCC_WARN_UNDECLARED_SELECTOR = YES;
				GCC_WARN_UNINITIALIZED_AUTOS = YES_AGGRESSIVE;
				GCC_WARN_UNUSED_FUNCTION = YES;
				GCC_WARN_UNUSED_VARIABLE = YES;
				IPHONEOS_DEPLOYMENT_TARGET = 13.6;
				MTL_ENABLE_DEBUG_INFO = NO;
				MTL_FAST_MATH = YES;
				SDKROOT = iphoneos;
				VALIDATE_PRODUCT = YES;
			};
			name = Release;
		};
		18E0718924C6F20A002D563D /* Debug */ = {
			isa = XCBuildConfiguration;
			baseConfigurationReference = 08F242E6DBA5C774D5AEB346 /* Pods-MonsterBook.debug.xcconfig */;
			buildSettings = {
				ASSETCATALOG_COMPILER_APPICON_NAME = AppIcon;
				CODE_SIGN_STYLE = Automatic;
				DEVELOPMENT_TEAM = 2ZQA28SEBC;
				GCC_PRECOMPILE_PREFIX_HEADER = YES;
				GCC_PREFIX_HEADER = "$(SRCROOT)/MonsterBook/PrefixHeader.pch";
				HEADER_SEARCH_PATHS = "\"$(SRCROOT)/MonsterBook/Tools/MIBViewTools.h\"";
				INFOPLIST_FILE = MonsterBook/Info.plist;
				IPHONEOS_DEPLOYMENT_TARGET = 10.0;
				LD_RUNPATH_SEARCH_PATHS = (
					"$(inherited)",
					"@executable_path/Frameworks",
				);
				PRODUCT_BUNDLE_IDENTIFIER = com.CRJ.monsterbook.MonsterBook;
				PRODUCT_NAME = "$(TARGET_NAME)";
				TARGETED_DEVICE_FAMILY = "1,2";
			};
			name = Debug;
		};
		18E0718A24C6F20A002D563D /* Release */ = {
			isa = XCBuildConfiguration;
			baseConfigurationReference = 87759F0FFAAE766AFE4DF998 /* Pods-MonsterBook.release.xcconfig */;
			buildSettings = {
				ASSETCATALOG_COMPILER_APPICON_NAME = AppIcon;
				CODE_SIGN_STYLE = Automatic;
				DEVELOPMENT_TEAM = 2ZQA28SEBC;
				GCC_PRECOMPILE_PREFIX_HEADER = YES;
				GCC_PREFIX_HEADER = "$(SRCROOT)/MonsterBook/PrefixHeader.pch";
				HEADER_SEARCH_PATHS = "\"$(SRCROOT)/MonsterBook/Tools/MIBViewTools.h\"";
				INFOPLIST_FILE = MonsterBook/Info.plist;
				IPHONEOS_DEPLOYMENT_TARGET = 10.0;
				LD_RUNPATH_SEARCH_PATHS = (
					"$(inherited)",
					"@executable_path/Frameworks",
				);
				PRODUCT_BUNDLE_IDENTIFIER = com.CRJ.monsterbook.MonsterBook;
				PRODUCT_NAME = "$(TARGET_NAME)";
				TARGETED_DEVICE_FAMILY = "1,2";
			};
			name = Release;
		};
/* End XCBuildConfiguration section */

/* Begin XCConfigurationList section */
		18E0716A24C6F208002D563D /* Build configuration list for PBXProject "MonsterBook" */ = {
			isa = XCConfigurationList;
			buildConfigurations = (
				18E0718624C6F20A002D563D /* Debug */,
				18E0718724C6F20A002D563D /* Release */,
			);
			defaultConfigurationIsVisible = 0;
			defaultConfigurationName = Release;
		};
		18E0718824C6F20A002D563D /* Build configuration list for PBXNativeTarget "MonsterBook" */ = {
			isa = XCConfigurationList;
			buildConfigurations = (
				18E0718924C6F20A002D563D /* Debug */,
				18E0718A24C6F20A002D563D /* Release */,
			);
			defaultConfigurationIsVisible = 0;
			defaultConfigurationName = Release;
		};
/* End XCConfigurationList section */
	};
	rootObject = 18E0716724C6F208002D563D /* Project object */;
}
